
Microsoft Visual Studio Solution File, Format Version 12.00
# Visual Studio 15
VisualStudioVersion = 15.0.27130.2020
MinimumVisualStudioVersion = 10.0.40219.1
Project("{9A19103F-16F7-4668-BE54-9A1E7A4F7556}") = "FooApi", "FooApi\FooApi.csproj", "{EEDCE347-71F0-448A-8EEF-F7CDB801788E}"
EndProject
Project("{FAE04EC0-301F-11D3-BF4B-00C04F79EFBC}") = "FooApiHost", "FooApiHost\FooApiHost.csproj", "{20741BC9-E26C-4FAA-89D2-3413576E3214}"
EndProject
Project("{FAE04EC0-301F-11D3-BF4B-00C04F79EFBC}") = "FunctionalTests", "FunctionalTests\FunctionalTests.csproj", "{E1EE6F71-D486-4B1F-B1A0-AF1AE19F854E}"
EndProject
Global
	GlobalSection(SolutionConfigurationPlatforms) = preSolution
		Debug|Any CPU = Debug|Any CPU
		Release|Any CPU = Release|Any CPU
	EndGlobalSection
	GlobalSection(ProjectConfigurationPlatforms) = postSolution
		{EEDCE347-71F0-448A-8EEF-F7CDB801788E}.Debug|Any CPU.ActiveCfg = Debug|Any CPU
		{EEDCE347-71F0-448A-8EEF-F7CDB801788E}.Debug|Any CPU.Build.0 = Debug|Any CPU
		{EEDCE347-71F0-448A-8EEF-F7CDB801788E}.Release|Any CPU.ActiveCfg = Release|Any CPU
		{EEDCE347-71F0-448A-8EEF-F7CDB801788E}.Release|Any CPU.Build.0 = Release|Any CPU
		{20741BC9-E26C-4FAA-89D2-3413576E3214}.Debug|Any CPU.ActiveCfg = Debug|Any CPU
		{20741BC9-E26C-4FAA-89D2-3413576E3214}.Debug|Any CPU.Build.0 = Debug|Any CPU
		{20741BC9-E26C-4FAA-89D2-3413576E3214}.Release|Any CPU.ActiveCfg = Release|Any CPU
		{20741BC9-E26C-4FAA-89D2-3413576E3214}.Release|Any CPU.Build.0 = Release|Any CPU
		{E1EE6F71-D486-4B1F-B1A0-AF1AE19F854E}.Debug|Any CPU.ActiveCfg = Debug|Any CPU
		{E1EE6F71-D486-4B1F-B1A0-AF1AE19F854E}.Debug|Any CPU.Build.0 = Debug|Any CPU
		{E1EE6F71-D486-4B1F-B1A0-AF1AE19F854E}.Release|Any CPU.ActiveCfg = Release|Any CPU
		{E1EE6F71-D486-4B1F-B1A0-AF1AE19F854E}.Release|Any CPU.Build.0 = Release|Any CPU
	EndGlobalSection
	GlobalSection(SolutionProperties) = preSolution
		HideSolutionNode = FALSE
	EndGlobalSection
	GlobalSection(ExtensibilityGlobals) = postSolution
		SolutionGuid = {06E25147-D715-47A0-8A88-309CE19014B8}
	EndGlobalSection
EndGlobal
